
Microsoft Visual Studio Solution File, Format Version 12.00
# Visual Studio 2013
VisualStudioVersion = 12.0.21005.1
MinimumVisualStudioVersion = 10.0.40219.1
Project("{FAE04EC0-301F-11D3-BF4B-00C04F79EFBC}") = "TvClientManager", "TvClientManager\TvClientManager.csproj", "{4CCD96FA-0161-42FA-8CC3-C1845D8A0BE0}"
	ProjectSection(ProjectDependencies) = postProject
		{DBFCCB68-488D-4EB0-9B78-CFCDC0077629} = {DBFCCB68-488D-4EB0-9B78-CFCDC0077629}
	EndProjectSection
EndProject
Project("{FAE04EC0-301F-11D3-BF4B-00C04F79EFBC}") = "ClientConnectService", "ConnectService\ClientConnectService.csproj", "{DBFCCB68-488D-4EB0-9B78-CFCDC0077629}"
	ProjectSection(ProjectDependencies) = postProject
		{EABEB671-0628-4522-A041-0371F89F0412} = {EABEB671-0628-4522-A041-0371F89F0412}
	EndProjectSection
EndProject
Project("{2150E333-8FDC-42A3-9474-1A3956D46DE8}") = "Client", "Client", "{CB81E026-F655-4B39-BFE4-A0AAF01ABB3D}"
EndProject
Project("{2150E333-8FDC-42A3-9474-1A3956D46DE8}") = "Server", "Server", "{504BB9BA-405A-44E0-8946-E767CD481E95}"
EndProject
Project("{FAE04EC0-301F-11D3-BF4B-00C04F79EFBC}") = "ServerConnectService", "ServerConnectService\ServerConnectService.csproj", "{EABEB671-0628-4522-A041-0371F89F0412}"
EndProject
Global
	GlobalSection(SolutionConfigurationPlatforms) = preSolution
		Debug|Any CPU = Debug|Any CPU
		Release|Any CPU = Release|Any CPU
	EndGlobalSection
	GlobalSection(ProjectConfigurationPlatforms) = postSolution
		{4CCD96FA-0161-42FA-8CC3-C1845D8A0BE0}.Debug|Any CPU.ActiveCfg = Debug|Any CPU
		{4CCD96FA-0161-42FA-8CC3-C1845D8A0BE0}.Debug|Any CPU.Build.0 = Debug|Any CPU
		{4CCD96FA-0161-42FA-8CC3-C1845D8A0BE0}.Release|Any CPU.ActiveCfg = Release|Any CPU
		{4CCD96FA-0161-42FA-8CC3-C1845D8A0BE0}.Release|Any CPU.Build.0 = Release|Any CPU
		{DBFCCB68-488D-4EB0-9B78-CFCDC0077629}.Debug|Any CPU.ActiveCfg = Debug|Any CPU
		{DBFCCB68-488D-4EB0-9B78-CFCDC0077629}.Debug|Any CPU.Build.0 = Debug|Any CPU
		{DBFCCB68-488D-4EB0-9B78-CFCDC0077629}.Release|Any CPU.ActiveCfg = Release|Any CPU
		{DBFCCB68-488D-4EB0-9B78-CFCDC0077629}.Release|Any CPU.Build.0 = Release|Any CPU
		{EABEB671-0628-4522-A041-0371F89F0412}.Debug|Any CPU.ActiveCfg = Debug|Any CPU
		{EABEB671-0628-4522-A041-0371F89F0412}.Debug|Any CPU.Build.0 = Debug|Any CPU
		{EABEB671-0628-4522-A041-0371F89F0412}.Release|Any CPU.ActiveCfg = Release|Any CPU
		{EABEB671-0628-4522-A041-0371F89F0412}.Release|Any CPU.Build.0 = Release|Any CPU
	EndGlobalSection
	GlobalSection(SolutionProperties) = preSolution
		HideSolutionNode = FALSE
	EndGlobalSection
	GlobalSection(NestedProjects) = preSolution
		{DBFCCB68-488D-4EB0-9B78-CFCDC0077629} = {CB81E026-F655-4B39-BFE4-A0AAF01ABB3D}
		{4CCD96FA-0161-42FA-8CC3-C1845D8A0BE0} = {CB81E026-F655-4B39-BFE4-A0AAF01ABB3D}
		{EABEB671-0628-4522-A041-0371F89F0412} = {504BB9BA-405A-44E0-8946-E767CD481E95}
	EndGlobalSection
EndGlobal
